// !$*UTF8*$!
{
	archiveVersion = 1;
	classes = {
	};
	objectVersion = 56;
	objects = {

/* Begin PBXBuildFile section */
		D23C71ED2BD8A95F00C400F7 /* AppDelegate.swift in Sources */ = {isa = PBXBuildFile; fileRef = D23C71EC2BD8A95F00C400F7 /* AppDelegate.swift */; };
		D23C71EF2BD8A95F00C400F7 /* SceneDelegate.swift in Sources */ = {isa = PBXBuildFile; fileRef = D23C71EE2BD8A95F00C400F7 /* SceneDelegate.swift */; };
		D23C71F12BD8A95F00C400F7 /* ViewController.swift in Sources */ = {isa = PBXBuildFile; fileRef = D23C71F02BD8A95F00C400F7 /* ViewController.swift */; };
		D23C71F42BD8A95F00C400F7 /* Base in Resources */ = {isa = PBXBuildFile; fileRef = D23C71F32BD8A95F00C400F7 /* Base */; };
		D23C71F62BD8A96000C400F7 /* Assets.xcassets in Resources */ = {isa = PBXBuildFile; fileRef = D23C71F52BD8A96000C400F7 /* Assets.xcassets */; };
		D23C71F92BD8A96000C400F7 /* Base in Resources */ = {isa = PBXBuildFile; fileRef = D23C71F82BD8A96000C400F7 /* Base */; };
		D269F7412BEBD8020046F6AA /* Resume.swift in Sources */ = {isa = PBXBuildFile; fileRef = D269F7402BEBD8020046F6AA /* Resume.swift */; };
		D29A810A2BED4A720046E9D4 /* ShareViewController.swift in Sources */ = {isa = PBXBuildFile; fileRef = D29A81092BED4A720046E9D4 /* ShareViewController.swift */; };
		D2F5479C2BEDC552000EC33D /* ShareEditViewController.swift in Sources */ = {isa = PBXBuildFile; fileRef = D2F5479B2BEDC552000EC33D /* ShareEditViewController.swift */; };
		E0A472542BE47CEA00CCB19C /* HomeViewController.swift in Sources */ = {isa = PBXBuildFile; fileRef = E0A472532BE47CEA00CCB19C /* HomeViewController.swift */; };
/* End PBXBuildFile section */

/* Begin PBXFileReference section */
		D23C71E92BD8A95F00C400F7 /* Mobile Resume.app */ = {isa = PBXFileReference; explicitFileType = wrapper.application; includeInIndex = 0; path = "Mobile Resume.app"; sourceTree = BUILT_PRODUCTS_DIR; };
		D23C71EC2BD8A95F00C400F7 /* AppDelegate.swift */ = {isa = PBXFileReference; lastKnownFileType = sourcecode.swift; path = AppDelegate.swift; sourceTree = "<group>"; };
		D23C71EE2BD8A95F00C400F7 /* SceneDelegate.swift */ = {isa = PBXFileReference; lastKnownFileType = sourcecode.swift; path = SceneDelegate.swift; sourceTree = "<group>"; };
		D23C71F02BD8A95F00C400F7 /* ViewController.swift */ = {isa = PBXFileReference; lastKnownFileType = sourcecode.swift; path = ViewController.swift; sourceTree = "<group>"; };
		D23C71F32BD8A95F00C400F7 /* Base */ = {isa = PBXFileReference; lastKnownFileType = file.storyboard; name = Base; path = Base.lproj/Main.storyboard; sourceTree = "<group>"; };
		D23C71F52BD8A96000C400F7 /* Assets.xcassets */ = {isa = PBXFileReference; lastKnownFileType = folder.assetcatalog; path = Assets.xcassets; sourceTree = "<group>"; };
		D23C71F82BD8A96000C400F7 /* Base */ = {isa = PBXFileReference; lastKnownFileType = file.storyboard; name = Base; path = Base.lproj/LaunchScreen.storyboard; sourceTree = "<group>"; };
		D23C71FA2BD8A96000C400F7 /* Info.plist */ = {isa = PBXFileReference; lastKnownFileType = text.plist.xml; path = Info.plist; sourceTree = "<group>"; };
		D269F7402BEBD8020046F6AA /* Resume.swift */ = {isa = PBXFileReference; lastKnownFileType = sourcecode.swift; path = Resume.swift; sourceTree = "<group>"; };
		D29A81092BED4A720046E9D4 /* ShareViewController.swift */ = {isa = PBXFileReference; fileEncoding = 4; lastKnownFileType = sourcecode.swift; path = ShareViewController.swift; sourceTree = "<group>"; };
		D2F5479B2BEDC552000EC33D /* ShareEditViewController.swift */ = {isa = PBXFileReference; lastKnownFileType = sourcecode.swift; path = ShareEditViewController.swift; sourceTree = "<group>"; };
		E0A472532BE47CEA00CCB19C /* HomeViewController.swift */ = {isa = PBXFileReference; lastKnownFileType = sourcecode.swift; path = HomeViewController.swift; sourceTree = "<group>"; };
/* End PBXFileReference section */

/* Begin PBXFrameworksBuildPhase section */
		D23C71E62BD8A95F00C400F7 /* Frameworks */ = {
			isa = PBXFrameworksBuildPhase;
			buildActionMask = 2147483647;
			files = (
			);
			runOnlyForDeploymentPostprocessing = 0;
		};
/* End PBXFrameworksBuildPhase section */

/* Begin PBXGroup section */
		D23C71E02BD8A95F00C400F7 = {
			isa = PBXGroup;
			children = (
				D23C71EB2BD8A95F00C400F7 /* Mobile Resume */,
				D23C71EA2BD8A95F00C400F7 /* Products */,
			);
			sourceTree = "<group>";
		};
		D23C71EA2BD8A95F00C400F7 /* Products */ = {
			isa = PBXGroup;
			children = (
				D23C71E92BD8A95F00C400F7 /* Mobile Resume.app */,
			);
			name = Products;
			sourceTree = "<group>";
		};
		D23C71EB2BD8A95F00C400F7 /* Mobile Resume */ = {
			isa = PBXGroup;
			children = (
				D23C71EC2BD8A95F00C400F7 /* AppDelegate.swift */,
				D23C71EE2BD8A95F00C400F7 /* SceneDelegate.swift */,
				D23C71F02BD8A95F00C400F7 /* ViewController.swift */,
				D23C71F22BD8A95F00C400F7 /* Main.storyboard */,
				D2F5479B2BEDC552000EC33D /* ShareEditViewController.swift */,
				D269F7402BEBD8020046F6AA /* Resume.swift */,
				D29A81092BED4A720046E9D4 /* ShareViewController.swift */,
				E0A472532BE47CEA00CCB19C /* HomeViewController.swift */,
				D23C71F52BD8A96000C400F7 /* Assets.xcassets */,
				D23C71F72BD8A96000C400F7 /* LaunchScreen.storyboard */,
				D23C71FA2BD8A96000C400F7 /* Info.plist */,
			);
			path = "Mobile Resume";
			sourceTree = "<group>";
		};
/* End PBXGroup section */

/* Begin PBXNativeTarget section */
		D23C71E82BD8A95F00C400F7 /* Mobile Resume */ = {
			isa = PBXNativeTarget;
			buildConfigurationList = D23C71FD2BD8A96000C400F7 /* Build configuration list for PBXNativeTarget "Mobile Resume" */;
			buildPhases = (
				D23C71E52BD8A95F00C400F7 /* Sources */,
				D23C71E62BD8A95F00C400F7 /* Frameworks */,
				D23C71E72BD8A95F00C400F7 /* Resources */,
			);
			buildRules = (
			);
			dependencies = (
			);
			name = "Mobile Resume";
			productName = "Mobile Resume";
			productReference = D23C71E92BD8A95F00C400F7 /* Mobile Resume.app */;
			productType = "com.apple.product-type.application";
		};
/* End PBXNativeTarget section */

/* Begin PBXProject section */
		D23C71E12BD8A95F00C400F7 /* Project object */ = {
			isa = PBXProject;
			attributes = {
				BuildIndependentTargetsInParallel = 1;
				LastSwiftUpdateCheck = 1530;
				LastUpgradeCheck = 1530;
				TargetAttributes = {
					D23C71E82BD8A95F00C400F7 = {
						CreatedOnToolsVersion = 15.3;
					};
				};
			};
			buildConfigurationList = D23C71E42BD8A95F00C400F7 /* Build configuration list for PBXProject "Mobile Resume" */;
			compatibilityVersion = "Xcode 14.0";
			developmentRegion = en;
			hasScannedForEncodings = 0;
			knownRegions = (
				en,
				Base,
			);
			mainGroup = D23C71E02BD8A95F00C400F7;
			productRefGroup = D23C71EA2BD8A95F00C400F7 /* Products */;
			projectDirPath = "";
			projectRoot = "";
			targets = (
				D23C71E82BD8A95F00C400F7 /* Mobile Resume */,
			);
		};
/* End PBXProject section */

/* Begin PBXResourcesBuildPhase section */
		D23C71E72BD8A95F00C400F7 /* Resources */ = {
			isa = PBXResourcesBuildPhase;
			buildActionMask = 2147483647;
			files = (
				D23C71F62BD8A96000C400F7 /* Assets.xcassets in Resources */,
				D23C71F92BD8A96000C400F7 /* Base in Resources */,
				D23C71F42BD8A95F00C400F7 /* Base in Resources */,
			);
			runOnlyForDeploymentPostprocessing = 0;
		};
/* End PBXResourcesBuildPhase section */

/* Begin PBXSourcesBuildPhase section */
		D23C71E52BD8A95F00C400F7 /* Sources */ = {
			isa = PBXSourcesBuildPhase;
			buildActionMask = 2147483647;
			files = (
				D29A810A2BED4A720046E9D4 /* ShareViewController.swift in Sources */,
				D23C71F12BD8A95F00C400F7 /* ViewController.swift in Sources */,
				D2F5479C2BEDC552000EC33D /* ShareEditViewController.swift in Sources */,
				D269F7412BEBD8020046F6AA /* Resume.swift in Sources */,
				D23C71ED2BD8A95F00C400F7 /* AppDelegate.swift in Sources */,
				D23C71EF2BD8A95F00C400F7 /* SceneDelegate.swift in Sources */,
				E0A472542BE47CEA00CCB19C /* HomeViewController.swift in Sources */,
			);
			runOnlyForDeploymentPostprocessing = 0;
		};
/* End PBXSourcesBuildPhase section */

/* Begin PBXVariantGroup section */
		D23C71F22BD8A95F00C400F7 /* Main.storyboard */ = {
			isa = PBXVariantGroup;
			children = (
				D23C71F32BD8A95F00C400F7 /* Base */,
			);
			name = Main.storyboard;
			sourceTree = "<group>";
		};
		D23C71F72BD8A96000C400F7 /* LaunchScreen.storyboard */ = {
			isa = PBXVariantGroup;
			children = (
				D23C71F82BD8A96000C400F7 /* Base */,
			);
			name = LaunchScreen.storyboard;
			sourceTree = "<group>";
		};
/* End PBXVariantGroup section */

/* Begin XCBuildConfiguration section */
		D23C71FB2BD8A96000C400F7 /* Debug */ = {
			isa = XCBuildConfiguration;
			buildSettings = {
				ALWAYS_SEARCH_USER_PATHS = NO;
				ASSETCATALOG_COMPILER_GENERATE_SWIFT_ASSET_SYMBOL_EXTENSIONS = YES;
				CLANG_ANALYZER_NONNULL = YES;
				CLANG_ANALYZER_NUMBER_OBJECT_CONVERSION = YES_AGGRESSIVE;
				CLANG_CXX_LANGUAGE_STANDARD = "gnu++20";
				CLANG_ENABLE_MODULES = YES;
				CLANG_ENABLE_OBJC_ARC = YES;
				CLANG_ENABLE_OBJC_WEAK = YES;
				CLANG_WARN_BLOCK_CAPTURE_AUTORELEASING = YES;
				CLANG_WARN_BOOL_CONVERSION = YES;
				CLANG_WARN_COMMA = YES;
				CLANG_WARN_CONSTANT_CONVERSION = YES;
				CLANG_WARN_DEPRECATED_OBJC_IMPLEMENTATIONS = YES;
				CLANG_WARN_DIRECT_OBJC_ISA_USAGE = YES_ERROR;
				CLANG_WARN_DOCUMENTATION_COMMENTS = YES;
				CLANG_WARN_EMPTY_BODY = YES;
				CLANG_WARN_ENUM_CONVERSION = YES;
				CLANG_WARN_INFINITE_RECURSION = YES;
				CLANG_WARN_INT_CONVERSION = YES;
				CLANG_WARN_NON_LITERAL_NULL_CONVERSION = YES;
				CLANG_WARN_OBJC_IMPLICIT_RETAIN_SELF = YES;
				CLANG_WARN_OBJC_LITERAL_CONVERSION = YES;
				CLANG_WARN_OBJC_ROOT_CLASS = YES_ERROR;
				CLANG_WARN_QUOTED_INCLUDE_IN_FRAMEWORK_HEADER = YES;
				CLANG_WARN_RANGE_LOOP_ANALYSIS = YES;
				CLANG_WARN_STRICT_PROTOTYPES = YES;
				CLANG_WARN_SUSPICIOUS_MOVE = YES;
				CLANG_WARN_UNGUARDED_AVAILABILITY = YES_AGGRESSIVE;
				CLANG_WARN_UNREACHABLE_CODE = YES;
				CLANG_WARN__DUPLICATE_METHOD_MATCH = YES;
				COPY_PHASE_STRIP = NO;
				DEBUG_INFORMATION_FORMAT = dwarf;
				ENABLE_STRICT_OBJC_MSGSEND = YES;
				ENABLE_TESTABILITY = YES;
				ENABLE_USER_SCRIPT_SANDBOXING = YES;
				GCC_C_LANGUAGE_STANDARD = gnu17;
				GCC_DYNAMIC_NO_PIC = NO;
				GCC_NO_COMMON_BLOCKS = YES;
				GCC_OPTIMIZATION_LEVEL = 0;
				GCC_PREPROCESSOR_DEFINITIONS = (
					"DEBUG=1",
					"$(inherited)",
				);
				GCC_WARN_64_TO_32_BIT_CONVERSION = YES;
				GCC_WARN_ABOUT_RETURN_TYPE = YES_ERROR;
				GCC_WARN_UNDECLARED_SELECTOR = YES;
				GCC_WARN_UNINITIALIZED_AUTOS = YES_AGGRESSIVE;
				GCC_WARN_UNUSED_FUNCTION = YES;
				GCC_WARN_UNUSED_VARIABLE = YES;
				IPHONEOS_DEPLOYMENT_TARGET = 17.4;
				LOCALIZATION_PREFERS_STRING_CATALOGS = YES;
				MTL_ENABLE_DEBUG_INFO = INCLUDE_SOURCE;
				MTL_FAST_MATH = YES;
				ONLY_ACTIVE_ARCH = YES;
				SDKROOT = iphoneos;
				SWIFT_ACTIVE_COMPILATION_CONDITIONS = "DEBUG $(inherited)";
				SWIFT_OPTIMIZATION_LEVEL = "-Onone";
			};
			name = Debug;
		};
		D23C71FC2BD8A96000C400F7 /* Release */ = {
			isa = XCBuildConfiguration;
			buildSettings = {
				ALWAYS_SEARCH_USER_PATHS = NO;
				ASSETCATALOG_COMPILER_GENERATE_SWIFT_ASSET_SYMBOL_EXTENSIONS = YES;
				CLANG_ANALYZER_NONNULL = YES;
				CLANG_ANALYZER_NUMBER_OBJECT_CONVERSION = YES_AGGRESSIVE;
				CLANG_CXX_LANGUAGE_STANDARD = "gnu++20";
				CLANG_ENABLE_MODULES = YES;
				CLANG_ENABLE_OBJC_ARC = YES;
				CLANG_ENABLE_OBJC_WEAK = YES;
				CLANG_WARN_BLOCK_CAPTURE_AUTORELEASING = YES;
				CLANG_WARN_BOOL_CONVERSION = YES;
				CLANG_WARN_COMMA = YES;
				CLANG_WARN_CONSTANT_CONVERSION = YES;
				CLANG_WARN_DEPRECATED_OBJC_IMPLEMENTATIONS = YES;
				CLANG_WARN_DIRECT_OBJC_ISA_USAGE = YES_ERROR;
				CLANG_WARN_DOCUMENTATION_COMMENTS = YES;
				CLANG_WARN_EMPTY_BODY = YES;
				CLANG_WARN_ENUM_CONVERSION = YES;
				CLANG_WARN_INFINITE_RECURSION = YES;
				CLANG_WARN_INT_CONVERSION = YES;
				CLANG_WARN_NON_LITERAL_NULL_CONVERSION = YES;
				CLANG_WARN_OBJC_IMPLICIT_RETAIN_SELF = YES;
				CLANG_WARN_OBJC_LITERAL_CONVERSION = YES;
				CLANG_WARN_OBJC_ROOT_CLASS = YES_ERROR;
				CLANG_WARN_QUOTED_INCLUDE_IN_FRAMEWORK_HEADER = YES;
				CLANG_WARN_RANGE_LOOP_ANALYSIS = YES;
				CLANG_WARN_STRICT_PROTOTYPES = YES;
				CLANG_WARN_SUSPICIOUS_MOVE = YES;
				CLANG_WARN_UNGUARDED_AVAILABILITY = YES_AGGRESSIVE;
				CLANG_WARN_UNREACHABLE_CODE = YES;
				CLANG_WARN__DUPLICATE_METHOD_MATCH = YES;
				COPY_PHASE_STRIP = NO;
				DEBUG_INFORMATION_FORMAT = "dwarf-with-dsym";
				ENABLE_NS_ASSERTIONS = NO;
				ENABLE_STRICT_OBJC_MSGSEND = YES;
				ENABLE_USER_SCRIPT_SANDBOXING = YES;
				GCC_C_LANGUAGE_STANDARD = gnu17;
				GCC_NO_COMMON_BLOCKS = YES;
				GCC_WARN_64_TO_32_BIT_CONVERSION = YES;
				GCC_WARN_ABOUT_RETURN_TYPE = YES_ERROR;
				GCC_WARN_UNDECLARED_SELECTOR = YES;
				GCC_WARN_UNINITIALIZED_AUTOS = YES_AGGRESSIVE;
				GCC_WARN_UNUSED_FUNCTION = YES;
				GCC_WARN_UNUSED_VARIABLE = YES;
				IPHONEOS_DEPLOYMENT_TARGET = 17.4;
				LOCALIZATION_PREFERS_STRING_CATALOGS = YES;
				MTL_ENABLE_DEBUG_INFO = NO;
				MTL_FAST_MATH = YES;
				SDKROOT = iphoneos;
				SWIFT_COMPILATION_MODE = wholemodule;
				VALIDATE_PRODUCT = YES;
			};
			name = Release;
		};
		D23C71FE2BD8A96000C400F7 /* Debug */ = {
			isa = XCBuildConfiguration;
			buildSettings = {
				ASSETCATALOG_COMPILER_APPICON_NAME = AppIcon;
				ASSETCATALOG_COMPILER_GLOBAL_ACCENT_COLOR_NAME = AccentColor;
				CODE_SIGN_STYLE = Automatic;
				CURRENT_PROJECT_VERSION = 1;
				DEVELOPMENT_TEAM = C64Q6MJ88U;
				GENERATE_INFOPLIST_FILE = YES;
				INFOPLIST_FILE = "Mobile Resume/Info.plist";
				INFOPLIST_KEY_UIApplicationSupportsIndirectInputEvents = YES;
				INFOPLIST_KEY_UILaunchStoryboardName = LaunchScreen;
				INFOPLIST_KEY_UIMainStoryboardFile = Main;
				INFOPLIST_KEY_UISupportedInterfaceOrientations_iPad = "UIInterfaceOrientationPortrait UIInterfaceOrientationPortraitUpsideDown UIInterfaceOrientationLandscapeLeft UIInterfaceOrientationLandscapeRight";
				INFOPLIST_KEY_UISupportedInterfaceOrientations_iPhone = "UIInterfaceOrientationPortrait UIInterfaceOrientationLandscapeLeft UIInterfaceOrientationLandscapeRight";
				LD_RUNPATH_SEARCH_PATHS = (
					"$(inherited)",
					"@executable_path/Frameworks",
				);
				MARKETING_VERSION = 1.0;
				PRODUCT_BUNDLE_IDENTIFIER = "com.slp.Test-cli.Mobile-Resume";
				PRODUCT_NAME = "$(TARGET_NAME)";
				SWIFT_EMIT_LOC_STRINGS = YES;
				SWIFT_VERSION = 5.0;
				TARGETED_DEVICE_FAMILY = "1,2";
			};
			name = Debug;
		};
		D23C71FF2BD8A96000C400F7 /* Release */ = {
			isa = XCBuildConfiguration;
			buildSettings = {
				ASSETCATALOG_COMPILER_APPICON_NAME = AppIcon;
				ASSETCATALOG_COMPILER_GLOBAL_ACCENT_COLOR_NAME = AccentColor;
				CODE_SIGN_STYLE = Automatic;
				CURRENT_PROJECT_VERSION = 1;
				DEVELOPMENT_TEAM = C64Q6MJ88U;
				GENERATE_INFOPLIST_FILE = YES;
				INFOPLIST_FILE = "Mobile Resume/Info.plist";
				INFOPLIST_KEY_UIApplicationSupportsIndirectInputEvents = YES;
				INFOPLIST_KEY_UILaunchStoryboardName = LaunchScreen;
				INFOPLIST_KEY_UIMainStoryboardFile = Main;
				INFOPLIST_KEY_UISupportedInterfaceOrientations_iPad = "UIInterfaceOrientationPortrait UIInterfaceOrientationPortraitUpsideDown UIInterfaceOrientationLandscapeLeft UIInterfaceOrientationLandscapeRight";
				INFOPLIST_KEY_UISupportedInterfaceOrientations_iPhone = "UIInterfaceOrientationPortrait UIInterfaceOrientationLandscapeLeft UIInterfaceOrientationLandscapeRight";
				LD_RUNPATH_SEARCH_PATHS = (
					"$(inherited)",
					"@executable_path/Frameworks",
				);
				MARKETING_VERSION = 1.0;
				PRODUCT_BUNDLE_IDENTIFIER = "com.slp.Test-cli.Mobile-Resume";
				PRODUCT_NAME = "$(TARGET_NAME)";
				SWIFT_EMIT_LOC_STRINGS = YES;
				SWIFT_VERSION = 5.0;
				TARGETED_DEVICE_FAMILY = "1,2";
			};
			name = Release;
		};
/* End XCBuildConfiguration section */

/* Begin XCConfigurationList section */
		D23C71E42BD8A95F00C400F7 /* Build configuration list for PBXProject "Mobile Resume" */ = {
			isa = XCConfigurationList;
			buildConfigurations = (
				D23C71FB2BD8A96000C400F7 /* Debug */,
				D23C71FC2BD8A96000C400F7 /* Release */,
			);
			defaultConfigurationIsVisible = 0;
			defaultConfigurationName = Release;
		};
		D23C71FD2BD8A96000C400F7 /* Build configuration list for PBXNativeTarget "Mobile Resume" */ = {
			isa = XCConfigurationList;
			buildConfigurations = (
				D23C71FE2BD8A96000C400F7 /* Debug */,
				D23C71FF2BD8A96000C400F7 /* Release */,
			);
			defaultConfigurationIsVisible = 0;
			defaultConfigurationName = Release;
		};
/* End XCConfigurationList section */
	};
	rootObject = D23C71E12BD8A95F00C400F7 /* Project object */;
}
